# THIS IS AN AUTOGENERATED FILE. DO NOT EDIT THIS FILE DIRECTLY.
# yarn lockfile v1


after@0.8.1:
  version "0.8.1"
  resolved "https://registry.yarnpkg.com/after/-/after-0.8.1.tgz#ab5d4fb883f596816d3515f8f791c0af486dd627"
  integrity sha1-q11PuIP1loFtNRX495HAr0ht1ic=

arraybuffer.slice@0.0.6:
  version "0.0.6"
  resolved "https://registry.yarnpkg.com/arraybuffer.slice/-/arraybuffer.slice-0.0.6.tgz#f33b2159f0532a3f3107a272c0ccfbd1ad2979ca"
  integrity sha1-8zshWfBTKj8xB6JywMz70a0peco=

async@0.1.x:
  version "0.1.22"
  resolved "https://registry.yarnpkg.com/async/-/async-0.1.22.tgz#0fc1aaa088a0e3ef0ebe2d8831bab0dcf8845061"
  integrity sha1-D8GqoIig4+8Ovi2IMbqw3PiEUGE=

base64-arraybuffer@0.1.2:
  version "0.1.2"
  resolved "https://registry.yarnpkg.com/base64-arraybuffer/-/base64-arraybuffer-0.1.2.tgz#474df4a9f2da24e05df3158c3b1db3c3cd46a154"
  integrity sha1-R030qfLaJOBd8xWMOx2zw81GoVQ=

base64id@0.1.0:
  version "0.1.0"
  resolved "https://registry.yarnpkg.com/base64id/-/base64id-0.1.0.tgz#02ce0fdeee0cef4f40080e1e73e834f0b1bfce3f"
  integrity sha1-As4P3u4M709ACA4ec+g08LG/zj8=

better-assert@~1.0.0:
  version "1.0.2"
  resolved "https://registry.yarnpkg.com/better-assert/-/better-assert-1.0.2.tgz#40866b9e1b9e0b55b481894311e68faffaebc522"
  integrity sha1-QIZrnhueC1W0gYlDEeaPr/rrxSI=
  dependencies:
    callsite "1.0.0"

blob@0.0.2:
  version "0.0.2"
  resolved "https://registry.yarnpkg.com/blob/-/blob-0.0.2.tgz#b89562bd6994af95ba1e812155536333aa23cf24"
  integrity sha1-uJVivWmUr5W6HoEhVVNjM6ojzyQ=

callsite@1.0.0:
  version "1.0.0"
  resolved "https://registry.yarnpkg.com/callsite/-/callsite-1.0.0.tgz#280398e5d664bd74038b6f0905153e6e8af1bc20"
  integrity sha1-KAOY5dZkvXQDi28JBRU+borxvCA=

colors@0.x.x:
  version "0.6.2"
  resolved "https://registry.yarnpkg.com/colors/-/colors-0.6.2.tgz#2423fe6678ac0c5dae8852e5d0e5be08c997abcc"
  integrity sha1-JCP+ZnisDF2uiFLl0OW+CMmXq8w=

commander@~0.6.1:
  version "0.6.1"
  resolved "https://registry.yarnpkg.com/commander/-/commander-0.6.1.tgz#fa68a14f6a945d54dbbe50d8cdb3320e9e3b1a06"
  integrity sha1-+mihT2qUXVTbvlDYzbMyDp47GgY=

component-bind@1.0.0:
  version "1.0.0"
  resolved "https://registry.yarnpkg.com/component-bind/-/component-bind-1.0.0.tgz#00c608ab7dcd93897c0009651b1d3a8e1e73bbd1"
  integrity sha1-AMYIq33Nk4l8AAllGx06jh5zu9E=

component-emitter@1.1.2:
  version "1.1.2"
  resolved "https://registry.yarnpkg.com/component-emitter/-/component-emitter-1.1.2.tgz#296594f2753daa63996d2af08d15a95116c9aec3"
  integrity sha1-KWWU8nU9qmOZbSrwjRWpURbJrsM=

component-inherit@0.0.3:
  version "0.0.3"
  resolved "https://registry.yarnpkg.com/component-inherit/-/component-inherit-0.0.3.tgz#645fc4adf58b72b649d5cae65135619db26ff143"
  integrity sha1-ZF/ErfWLcrZJ1crmUTVhnbJv8UM=

cycle@1.0.x:
  version "1.0.3"
  resolved "https://registry.yarnpkg.com/cycle/-/cycle-1.0.3.tgz#21e80b2be8580f98b468f379430662b046c34ad2"
  integrity sha1-IegLK+hYD5i0aPN5QwZisEbDStI=

debug@0.6.0:
  version "0.6.0"
  resolved "https://registry.yarnpkg.com/debug/-/debug-0.6.0.tgz#ce9d5d025d5294b3f0748a494bebaf3c9fd8734f"
  integrity sha1-zp1dAl1SlLPwdIpJS+uvPJ/Yc08=

debug@0.7.4, debug@0.7.x:
  version "0.7.4"
  resolved "https://registry.yarnpkg.com/debug/-/debug-0.7.4.tgz#06e1ea8082c2cb14e39806e22e2f6f757f92af39"
  integrity sha1-BuHqgILCyxTjmAbiLi9vdX+Srzk=

"emitter@http://github.com/component/emitter/archive/1.0.1.tar.gz":
  version "1.0.1"
  uid ecf2b3245322eefd38409ffb899e0d0003fa6fe9
  resolved "http://github.com/component/emitter/archive/1.0.1.tar.gz#ecf2b3245322eefd38409ffb899e0d0003fa6fe9"
  dependencies:
    indexof "0.0.1"

engine.io-client@1.3.1:
  version "1.3.1"
  resolved "https://registry.yarnpkg.com/engine.io-client/-/engine.io-client-1.3.1.tgz#1c5a65d5c5af6d04b44c22c3dbcd95c39ed1c989"
  integrity sha1-HFpl1cWvbQS0TCLD282Vw57RyYk=
  dependencies:
    component-emitter "1.1.2"
    component-inherit "0.0.3"
    debug "0.7.4"
    engine.io-parser "1.0.6"
    has-cors "1.0.3"
    indexof "0.0.1"
    parsejson "0.0.1"
    parseqs "0.0.2"
    parseuri "0.0.2"
    ws "0.4.31"
    xmlhttprequest "https://github.com/LearnBoost/node-XMLHttpRequest/archive/0f36d0b5ebc03d85f860d42a64ae9791e1daa433.tar.gz"

engine.io-parser@1.0.6:
  version "1.0.6"
  resolved "https://registry.yarnpkg.com/engine.io-parser/-/engine.io-parser-1.0.6.tgz#d38813143a411cb3b914132ab05bf99e6f7a248e"
  integrity sha1-04gTFDpBHLO5FBMqsFv5nm96JI4=
  dependencies:
    after "0.8.1"
    arraybuffer.slice "0.0.6"
    base64-arraybuffer "0.1.2"
    blob "0.0.2"
    utf8 "2.0.0"

engine.io@1.3.1:
  version "1.3.1"
  resolved "https://registry.yarnpkg.com/engine.io/-/engine.io-1.3.1.tgz#2d968308fffae5d17f5209b6775246e90d8a705e"
  integrity sha1-LZaDCP/65dF/Ugm2d1JG6Q2KcF4=
  dependencies:
    base64id "0.1.0"
    debug "0.6.0"
    engine.io-parser "1.0.6"
    ws "0.4.31"

eyes@0.1.x:
  version "0.1.8"
  resolved "https://registry.yarnpkg.com/eyes/-/eyes-0.1.8.tgz#62cf120234c683785d902348a800ef3e0cc20bc0"
  integrity sha1-Ys8SAjTGg3hdkCNIqADvPgzCC8A=

"global@https://github.com/component/global/archive/v2.0.1.tar.gz":
  version "2.0.1"
  resolved "https://github.com/component/global/archive/v2.0.1.tar.gz#3fb25343fb66d79991b0f4a429ce3b54480eec3c"

has-binary-data@0.1.1:
  version "0.1.1"
  resolved "https://registry.yarnpkg.com/has-binary-data/-/has-binary-data-0.1.1.tgz#e10749fb87828a52df96f4086587eb4a03966439"
  integrity sha1-4QdJ+4eCilLflvQIZYfrSgOWZDk=
  dependencies:
    isarray "0.0.1"

has-cors@1.0.3:
  version "1.0.3"
  resolved "https://registry.yarnpkg.com/has-cors/-/has-cors-1.0.3.tgz#502acb9b3104dac33dd2630eaf2f888b0baf4cb3"
  integrity sha1-UCrLmzEE2sM90mMOry+IiwuvTLM=
  dependencies:
    global "https://github.com/component/global/archive/v2.0.1.tar.gz"

indexof@0.0.1:
  version "0.0.1"
  resolved "https://registry.yarnpkg.com/indexof/-/indexof-0.0.1.tgz#82dc336d232b9062179d05ab3293a66059fd435d"
  integrity sha1-gtwzbSMrkGIXnQWrMpOmYFn9Q10=

isarray@0.0.1:
  version "0.0.1"
  resolved "https://registry.yarnpkg.com/isarray/-/isarray-0.0.1.tgz#8a18acfca9a8f4177e09abfc6038939b05d1eedf"
  integrity sha1-ihis/Kmo9Bd+Cav8YDiTmwXR7t8=

json3@3.2.6:
  version "3.2.6"
  resolved "https://registry.yarnpkg.com/json3/-/json3-3.2.6.tgz#f6efc93c06a04de9aec53053df2559bb19e2038b"
  integrity sha1-9u/JPAagTemuxTBT3yVZuxniA4s=

nan@~0.3.0:
  version "0.3.2"
  resolved "https://registry.yarnpkg.com/nan/-/nan-0.3.2.tgz#0df1935cab15369075ef160ad2894107aa14dc2d"
  integrity sha1-DfGTXKsVNpB17xYK0olBB6oU3C0=

object-component@0.0.3:
  version "0.0.3"
  resolved "https://registry.yarnpkg.com/object-component/-/object-component-0.0.3.tgz#f0c69aa50efc95b866c186f400a33769cb2f1291"
  integrity sha1-8MaapQ78lbhmwYb0AKM3acsvEpE=

options@>=0.0.5:
  version "0.0.6"
  resolved "https://registry.yarnpkg.com/options/-/options-0.0.6.tgz#ec22d312806bb53e731773e7cdaefcf1c643128f"
  integrity sha1-7CLTEoBrtT5zF3Pnza788cZDEo8=

parsejson@0.0.1:
  version "0.0.1"
  resolved "https://registry.yarnpkg.com/parsejson/-/parsejson-0.0.1.tgz#9b10c6c0d825ab589e685153826de0a3ba278bcc"
  integrity sha1-mxDGwNglq1ieaFFTgm3go7oni8w=
  dependencies:
    better-assert "~1.0.0"

parseqs@0.0.2:
  version "0.0.2"
  resolved "https://registry.yarnpkg.com/parseqs/-/parseqs-0.0.2.tgz#9dfe70b2cddac388bde4f35b1f240fa58adbe6c7"
  integrity sha1-nf5wss3aw4i95PNbHyQPpYrb5sc=
  dependencies:
    better-assert "~1.0.0"

parseuri@0.0.2:
  version "0.0.2"
  resolved "https://registry.yarnpkg.com/parseuri/-/parseuri-0.0.2.tgz#db41878f2d6964718be870b3140973d8093be156"
  integrity sha1-20GHjy1pZHGL6HCzFAlz2Ak74VY=
  dependencies:
    better-assert "~1.0.0"

pkginfo@0.2.x:
  version "0.2.3"
  resolved "https://registry.yarnpkg.com/pkginfo/-/pkginfo-0.2.3.tgz#7239c42a5ef6c30b8f328439d9b9ff71042490f8"
  integrity sha1-cjnEKl72wwuPMoQ52bn/cQQkkPg=

redis@0.8.x:
  version "0.8.6"
  resolved "https://registry.yarnpkg.com/redis/-/redis-0.8.6.tgz#a7ae8f0d6fad24bdeaffe28158d6cd1f1c9d30b8"
  integrity sha1-p66PDW+tJL3q/+KBWNbNHxydMLg=

request@2.9.x:
  version "2.9.203"
  resolved "https://registry.yarnpkg.com/request/-/request-2.9.203.tgz#6c1711a5407fb94a114219563e44145bcbf4723a"
  integrity sha1-bBcRpUB/uUoRQhlWPkQUW8v0cjo=

socket.io-adapter@0.2.0:
  version "0.2.0"
  resolved "https://registry.yarnpkg.com/socket.io-adapter/-/socket.io-adapter-0.2.0.tgz#bd39329b8961371787e24f345b074ec9cf000e33"
  integrity sha1-vTkym4lhNxeH4k80WwdOyc8ADjM=
  dependencies:
    debug "0.7.4"
    socket.io-parser "2.1.2"

socket.io-client@1.0.6:
  version "1.0.6"
  resolved "https://registry.yarnpkg.com/socket.io-client/-/socket.io-client-1.0.6.tgz#c86cb3e507ab2f96da4500bd34fcf46a1e9dfe5e"
  integrity sha1-yGyz5QerL5baRQC9NPz0ah6d/l4=
  dependencies:
    component-bind "1.0.0"
    component-emitter "1.1.2"
    debug "0.7.4"
    engine.io-client "1.3.1"
    has-binary-data "0.1.1"
    indexof "0.0.1"
    object-component "0.0.3"
    parseuri "0.0.2"
    socket.io-parser "2.2.0"
    to-array "0.1.3"

socket.io-parser@2.1.2:
  version "2.1.2"
  resolved "https://registry.yarnpkg.com/socket.io-parser/-/socket.io-parser-2.1.2.tgz#876655b9edd555c5bdf7301cedf30a436c67b8b0"
  integrity sha1-h2ZVue3VVcW99zAc7fMKQ2xnuLA=
  dependencies:
    debug "0.7.4"
    emitter "http://github.com/component/emitter/archive/1.0.1.tar.gz"
    isarray "0.0.1"
    json3 "3.2.6"

socket.io-parser@2.2.0:
  version "2.2.0"
  resolved "https://registry.yarnpkg.com/socket.io-parser/-/socket.io-parser-2.2.0.tgz#2609601f59e6a7fab436a53be3d333fbbfcbd30a"
  integrity sha1-JglgH1nmp/q0NqU749Mz+7/L0wo=
  dependencies:
    debug "0.7.4"
    emitter "http://github.com/component/emitter/archive/1.0.1.tar.gz"
    isarray "0.0.1"
    json3 "3.2.6"

socket.io@1.0.x:
  version "1.0.6"
  resolved "https://registry.yarnpkg.com/socket.io/-/socket.io-1.0.6.tgz#b566532888dae3ac9058a12f294015ebdfa8084a"
  integrity sha1-tWZTKIja46yQWKEvKUAV69+oCEo=
  dependencies:
    debug "0.7.4"
    engine.io "1.3.1"
    has-binary-data "0.1.1"
    socket.io-adapter "0.2.0"
    socket.io-client "1.0.6"
    socket.io-parser "2.2.0"

stack-trace@0.0.x:
  version "0.0.10"
  resolved "https://registry.yarnpkg.com/stack-trace/-/stack-trace-0.0.10.tgz#547c70b347e8d32b4e108ea1a2a159e5fdde19c0"
  integrity sha1-VHxws0fo0ytOEI6hoqFZ5f3eGcA=

tinycolor@0.x:
  version "0.0.1"
  resolved "https://registry.yarnpkg.com/tinycolor/-/tinycolor-0.0.1.tgz#320b5a52d83abb5978d81a3e887d4aefb15a6164"
  integrity sha1-MgtaUtg6u1l42Bo+iH1K77FaYWQ=

to-array@0.1.3:
  version "0.1.3"
  resolved "https://registry.yarnpkg.com/to-array/-/to-array-0.1.3.tgz#d45dadc6363417f60f28474fea50ecddbb4f4991"
  integrity sha1-1F2txjY0F/YPKEdP6lDs3btPSZE=

utf8@2.0.0:
  version "2.0.0"
  resolved "https://registry.yarnpkg.com/utf8/-/utf8-2.0.0.tgz#79ce59eced874809cab9a71fc7102c7d45d4118d"
  integrity sha1-ec5Z7O2HSAnKuacfxxAsfUXUEY0=

winston@0.6.x:
  version "0.6.2"
  resolved "https://registry.yarnpkg.com/winston/-/winston-0.6.2.tgz#4144fe2586cdc19a612bf8c035590132c9064bd2"
  integrity sha1-QUT+JYbNwZphK/jANVkBMskGS9I=
  dependencies:
    async "0.1.x"
    colors "0.x.x"
    cycle "1.0.x"
    eyes "0.1.x"
    pkginfo "0.2.x"
    request "2.9.x"
    stack-trace "0.0.x"

ws@0.4.31:
  version "0.4.31"
  resolved "https://registry.yarnpkg.com/ws/-/ws-0.4.31.tgz#5a4849e7a9ccd1ed5a81aeb4847c9fedf3122927"
  integrity sha1-WkhJ56nM0e1aga60hHyf7fMSKSc=
  dependencies:
    commander "~0.6.1"
    nan "~0.3.0"
    options ">=0.0.5"
    tinycolor "0.x"

"xmlhttprequest@https://github.com/LearnBoost/node-XMLHttpRequest/archive/0f36d0b5ebc03d85f860d42a64ae9791e1daa433.tar.gz":
  version "1.5.0"
  resolved "https://github.com/LearnBoost/node-XMLHttpRequest/archive/0f36d0b5ebc03d85f860d42a64ae9791e1daa433.tar.gz#0f5d53139bb6b763ef5ca92565262b9f9b2087b9"
